{
  "name": "test-logs",
  "version": "1.0.0",
  "lockfileVersion": 1,
  "requires": true,
  "dependencies": {
    "@fluent-org/logger": {
      "version": "1.0.9",
      "resolved": "https://registry.npmjs.org/@fluent-org/logger/-/logger-1.0.9.tgz",
      "integrity": "sha512-FNaG5T7neeNY6EhtqHC+199peGhYBvfoOC5rPLt3xYeGLfc2MFKrTMeU3GbtMvzDJ0PoKAY0EdT+Ppm/hFRIMQ==",
      "requires": {
        "@msgpack/msgpack": "^2.7.1"
      }
    },
    "@msgpack/msgpack": {
      "version": "2.7.2",
      "resolved": "https://registry.npmjs.org/@msgpack/msgpack/-/msgpack-2.7.2.tgz",
      "integrity": "sha512-rYEi46+gIzufyYUAoHDnRzkWGxajpD9vVXFQ3g1vbjrBm6P7MBmm+s/fqPa46sxa+8FOUdEuRQKaugo5a4JWpw=="
    }
  }
}
